
Microsoft Visual Studio Solution File, Format Version 12.00
# Visual Studio Version 16
VisualStudioVersion = 16.0.810.11
MinimumVisualStudioVersion = 10.0.40219.1
Project("{FAE04EC0-301F-11D3-BF4B-00C04F79EFBC}") = "Calculator.Android", "Calculator.Android\Calculator.Android.csproj", "{1E7D25E9-F065-48E7-AD0A-87F8B26BE96F}"
EndProject
Project("{FAE04EC0-301F-11D3-BF4B-00C04F79EFBC}") = "Calculator.iOS", "Calculator.iOS\Calculator.iOS.csproj", "{035C64BB-DDD0-4FB8-B6AD-7FD6B550125C}"
EndProject
Project("{FAE04EC0-301F-11D3-BF4B-00C04F79EFBC}") = "Calculator", "Calculator\Calculator.csproj", "{62D33B18-C433-4D4A-BDEB-3780E3012583}"
EndProject
Global
	GlobalSection(SolutionConfigurationPlatforms) = preSolution
		Debug|Any CPU = Debug|Any CPU
		Release|Any CPU = Release|Any CPU
		Debug|iPhoneSimulator = Debug|iPhoneSimulator
		Release|iPhoneSimulator = Release|iPhoneSimulator
		Debug|iPhone = Debug|iPhone
		Release|iPhone = Release|iPhone
	EndGlobalSection
	GlobalSection(ProjectConfigurationPlatforms) = postSolution
		{1E7D25E9-F065-48E7-AD0A-87F8B26BE96F}.Debug|Any CPU.ActiveCfg = Debug|Any CPU
		{1E7D25E9-F065-48E7-AD0A-87F8B26BE96F}.Debug|Any CPU.Build.0 = Debug|Any CPU
		{1E7D25E9-F065-48E7-AD0A-87F8B26BE96F}.Release|Any CPU.ActiveCfg = Release|Any CPU
		{1E7D25E9-F065-48E7-AD0A-87F8B26BE96F}.Release|Any CPU.Build.0 = Release|Any CPU
		{1E7D25E9-F065-48E7-AD0A-87F8B26BE96F}.Debug|iPhoneSimulator.ActiveCfg = Debug|Any CPU
		{1E7D25E9-F065-48E7-AD0A-87F8B26BE96F}.Debug|iPhoneSimulator.Build.0 = Debug|Any CPU
		{1E7D25E9-F065-48E7-AD0A-87F8B26BE96F}.Release|iPhoneSimulator.ActiveCfg = Release|Any CPU
		{1E7D25E9-F065-48E7-AD0A-87F8B26BE96F}.Release|iPhoneSimulator.Build.0 = Release|Any CPU
		{1E7D25E9-F065-48E7-AD0A-87F8B26BE96F}.Debug|iPhone.ActiveCfg = Debug|Any CPU
		{1E7D25E9-F065-48E7-AD0A-87F8B26BE96F}.Debug|iPhone.Build.0 = Debug|Any CPU
		{1E7D25E9-F065-48E7-AD0A-87F8B26BE96F}.Release|iPhone.ActiveCfg = Release|Any CPU
		{1E7D25E9-F065-48E7-AD0A-87F8B26BE96F}.Release|iPhone.Build.0 = Release|Any CPU
		{035C64BB-DDD0-4FB8-B6AD-7FD6B550125C}.Debug|Any CPU.ActiveCfg = Debug|iPhoneSimulator
		{035C64BB-DDD0-4FB8-B6AD-7FD6B550125C}.Debug|Any CPU.Build.0 = Debug|iPhoneSimulator
		{035C64BB-DDD0-4FB8-B6AD-7FD6B550125C}.Release|Any CPU.ActiveCfg = Release|iPhoneSimulator
		{035C64BB-DDD0-4FB8-B6AD-7FD6B550125C}.Release|Any CPU.Build.0 = Release|iPhoneSimulator
		{035C64BB-DDD0-4FB8-B6AD-7FD6B550125C}.Debug|iPhoneSimulator.ActiveCfg = Debug|iPhoneSimulator
		{035C64BB-DDD0-4FB8-B6AD-7FD6B550125C}.Debug|iPhoneSimulator.Build.0 = Debug|iPhoneSimulator
		{035C64BB-DDD0-4FB8-B6AD-7FD6B550125C}.Release|iPhoneSimulator.ActiveCfg = Release|iPhoneSimulator
		{035C64BB-DDD0-4FB8-B6AD-7FD6B550125C}.Release|iPhoneSimulator.Build.0 = Release|iPhoneSimulator
		{035C64BB-DDD0-4FB8-B6AD-7FD6B550125C}.Debug|iPhone.ActiveCfg = Debug|iPhone
		{035C64BB-DDD0-4FB8-B6AD-7FD6B550125C}.Debug|iPhone.Build.0 = Debug|iPhone
		{035C64BB-DDD0-4FB8-B6AD-7FD6B550125C}.Release|iPhone.ActiveCfg = Release|iPhone
		{035C64BB-DDD0-4FB8-B6AD-7FD6B550125C}.Release|iPhone.Build.0 = Release|iPhone
		{62D33B18-C433-4D4A-BDEB-3780E3012583}.Debug|Any CPU.ActiveCfg = Debug|Any CPU
		{62D33B18-C433-4D4A-BDEB-3780E3012583}.Debug|Any CPU.Build.0 = Debug|Any CPU
		{62D33B18-C433-4D4A-BDEB-3780E3012583}.Release|Any CPU.ActiveCfg = Release|Any CPU
		{62D33B18-C433-4D4A-BDEB-3780E3012583}.Release|Any CPU.Build.0 = Release|Any CPU
		{62D33B18-C433-4D4A-BDEB-3780E3012583}.Debug|iPhoneSimulator.ActiveCfg = Debug|Any CPU
		{62D33B18-C433-4D4A-BDEB-3780E3012583}.Debug|iPhoneSimulator.Build.0 = Debug|Any CPU
		{62D33B18-C433-4D4A-BDEB-3780E3012583}.Release|iPhoneSimulator.ActiveCfg = Release|Any CPU
		{62D33B18-C433-4D4A-BDEB-3780E3012583}.Release|iPhoneSimulator.Build.0 = Release|Any CPU
		{62D33B18-C433-4D4A-BDEB-3780E3012583}.Debug|iPhone.ActiveCfg = Debug|Any CPU
		{62D33B18-C433-4D4A-BDEB-3780E3012583}.Debug|iPhone.Build.0 = Debug|Any CPU
		{62D33B18-C433-4D4A-BDEB-3780E3012583}.Release|iPhone.ActiveCfg = Release|Any CPU
		{62D33B18-C433-4D4A-BDEB-3780E3012583}.Release|iPhone.Build.0 = Release|Any CPU
	EndGlobalSection
	GlobalSection(SolutionProperties) = preSolution
		HideSolutionNode = FALSE
	EndGlobalSection
	GlobalSection(ExtensibilityGlobals) = postSolution
		SolutionGuid = {AD8772D7-F9C0-4050-ABF3-C21443F73E8F}
	EndGlobalSection
EndGlobal
